<?xml version="1.0" encoding="utf-8"?>
<Project ToolsVersion="4.0" xmlns="http://schemas.microsoft.com/developer/msbuild/2003">
  <ItemGroup>
    <Filter Include="Source Files">
      <UniqueIdentifier>{4FC737F1-C7A5-4376-A066-2A32D752A2FF}</UniqueIdentifier>
      <Extensions>cpp;c;cc;cxx;def;odl;idl;hpj;bat;asm;asmx</Extensions>
    </Filter>
    <Filter Include="Header Files">
      <UniqueIdentifier>{93995380-89BD-4b04-88EB-625FBE52EBFB}</UniqueIdentifier>
      <Extensions>h;hh;hpp;hxx;hm;inl;inc;xsd</Extensions>
    </Filter>
    <Filter Include="Resource Files">
      <UniqueIdentifier>{67DA6AB6-F800-4c08-8B7A-83BB121AAD01}</UniqueIdentifier>
      <Extensions>rc;ico;cur;bmp;dlg;rc2;rct;bin;rgs;gif;jpg;jpeg;jpe;resx;tiff;tif;png;wav;mfcribbon-ms</Extensions>
    </Filter>
  </ItemGroup>
  <ItemGroup>
    <ClCompile Include="Src\main.cpp">
      <Filter>Source Files</Filter>
    </ClCompile>
    <ClCompile Include="Src\Utilities\precompiled.cpp">
      <Filter>Source Files</Filter>
    </ClCompile>
    <ClCompile Include="Includes\ImGui\imgui.cpp">
      <Filter>Source Files</Filter>
    </ClCompile>
    <ClCompile Include="Includes\ImGui\imgui_demo.cpp">
      <Filter>Source Files</Filter>
    </ClCompile>
    <ClCompile Include="Includes\ImGui\imgui_draw.cpp">
      <Filter>Source Files</Filter>
    </ClCompile>
    <ClCompile Include="Includes\ImGui\imgui_impl_dx11.cpp">
      <Filter>Source Files</Filter>
    </ClCompile>
    <ClCompile Include="Src\Utilities\dxerr.cpp">
      <Filter>Source Files</Filter>
    </ClCompile>
    <ClCompile Include="Src\Systems\Window\WindowSystem.cpp">
      <Filter>Source Files</Filter>
    </ClCompile>
    <ClCompile Include="Src\Systems\Input\InputSystem.cpp">
      <Filter>Source Files</Filter>
    </ClCompile>
    <ClCompile Include="Src\Systems\Input\Keyboard.cpp">
      <Filter>Source Files</Filter>
    </ClCompile>
    <ClCompile Include="Src\Systems\Input\Mouse.cpp">
      <Filter>Source Files</Filter>
    </ClCompile>
    <ClCompile Include="Src\Systems\Graphics\GraphicsSystem.cpp">
      <Filter>Source Files</Filter>
    </ClCompile>
    <ClCompile Include="Src\Systems\Graphics\DX11Renderer\DX11Renderer.cpp">
      <Filter>Source Files</Filter>
    </ClCompile>
    <ClCompile Include="Src\Systems\Graphics\DX11RenderStages\ForwardRenderStage\ForwardRenderStage.cpp">
      <Filter>Source Files</Filter>
    </ClCompile>
    <ClCompile Include="Src\Systems\Graphics\GraphicsUtilities\ObjectHandle.cpp">
      <Filter>Source Files</Filter>
    </ClCompile>
    <ClCompile Include="Src\Systems\Graphics\GraphicsUtilities\InputData.cpp">
      <Filter>Source Files</Filter>
    </ClCompile>
    <ClCompile Include="Src\Systems\Graphics\CameraClasses\CamaeraManager.cpp">
      <Filter>Source Files</Filter>
    </ClCompile>
    <ClCompile Include="Src\Systems\Graphics\CameraClasses\Camera.cpp">
      <Filter>Source Files</Filter>
    </ClCompile>
    <ClCompile Include="Src\Systems\Graphics\ModelClasses\Model\Model.cpp">
      <Filter>Source Files</Filter>
    </ClCompile>
    <ClCompile Include="Src\Systems\Graphics\ModelClasses\ModelManager\ModelManager.cpp">
      <Filter>Source Files</Filter>
    </ClCompile>
    <ClCompile Include="Src\Systems\Graphics\ModelClasses\PrimitiveGenerator\PrimitiveGenerator.cpp">
      <Filter>Source Files</Filter>
    </ClCompile>
    <ClCompile Include="Src\Systems\Core\Components\Transform\Transform.cpp">
      <Filter>Source Files</Filter>
    </ClCompile>
    <ClCompile Include="Src\Systems\Core\GameObject\GameObject.cpp">
      <Filter>Source Files</Filter>
    </ClCompile>
    <ClCompile Include="Src\Systems\Graphics\Components\ModelComponent\ModelComponent.cpp">
      <Filter>Source Files</Filter>
    </ClCompile>
    <ClCompile Include="Src\Systems\Graphics\DX11RenderStages\UI Stage\ImGuiStage.cpp">
      <Filter>Source Files</Filter>
    </ClCompile>
    <ClCompile Include="Src\Systems\Graphics\TextureClasses\TextureManager\TextureManager.cpp">
      <Filter>Source Files</Filter>
    </ClCompile>
    <ClCompile Include="Src\Systems\Graphics\Components\PathComponent\PathComponent.cpp">
      <Filter>Source Files</Filter>
    </ClCompile>
    <ClCompile Include="Src\Systems\Graphics\DX11RenderStages\ForwardDebugStage\PathWalkDebugStage.cpp">
      <Filter>Source Files</Filter>
    </ClCompile>
    <ClCompile Include="Src\Systems\Graphics\Components\CurvePathComponent\CurvePathComponent.cpp">
      <Filter>Source Files</Filter>
    </ClCompile>
    <ClCompile Include="Src\Systems\Graphics\Components\SimpleCCD\SuperSimpleCCD.cpp">
      <Filter>Source Files</Filter>
    </ClCompile>
    <ClCompile Include="Src\Systems\Graphics\Components\SimpleCloth\Particle.cpp">
      <Filter>Source Files</Filter>
    </ClCompile>
    <ClCompile Include="Src\Systems\Graphics\Components\SimpleCloth\Constraint.cpp">
      <Filter>Source Files</Filter>
    </ClCompile>
    <ClCompile Include="Src\Systems\Graphics\Components\SimpleCloth\SimpleClothComponent.cpp">
      <Filter>Source Files</Filter>
    </ClCompile>
    <ClCompile Include="Src\Engine\GameClock\GameClock.cpp">
      <Filter>Source Files</Filter>
    </ClCompile>
    <ClCompile Include="Src\Engine\IApplication\IApplication.cpp">
      <Filter>Source Files</Filter>
    </ClCompile>
    <ClCompile Include="Src\Engine\Applications\TestApp\TestApp.cpp">
      <Filter>Source Files</Filter>
    </ClCompile>
    <ClCompile Include="Src\Systems\Graphics\DX11RenderStages\ShadowMapStage\ShadowMapStage.cpp">
      <Filter>Source Files</Filter>
    </ClCompile>
    <ClCompile Include="Src\Systems\Graphics\DX11RenderStages\IconDebugStage\IconDebugStage.cpp">
      <Filter>Source Files</Filter>
    </ClCompile>
    <ClCompile Include="Src\Systems\Graphics\Components\LightComponents\ShadowLightComponent\ShadowLightComponent.cpp">
      <Filter>Source Files</Filter>
    </ClCompile>
    <ClCompile Include="Src\Systems\Graphics\Components\LightComponents\LightComponent\LightComponent.cpp">
      <Filter>Source Files</Filter>
    </ClCompile>
    <ClCompile Include="Src\Systems\Core\GameObjectSystem.cpp">
      <Filter>Source Files</Filter>
    </ClCompile>
    <ClCompile Include="Src\Systems\Graphics\ModelClasses\MeshMaterial\MeshEntryMaterial.cpp">
      <Filter>Source Files</Filter>
    </ClCompile>
    <ClCompile Include="Src\Systems\Graphics\DX11RenderStages\DeferredRenderingStages\GBufferStage.cpp">
      <Filter>Source Files</Filter>
    </ClCompile>
    <ClCompile Include="Src\Systems\Graphics\DX11RenderStages\DeferredRenderingStages\AmbientLightStage.cpp">
      <Filter>Source Files</Filter>
    </ClCompile>
  </ItemGroup>
  <ItemGroup>
    <ClInclude Include="Src\Utilities\precompiled.h">
      <Filter>Header Files</Filter>
    </ClInclude>
    <ClInclude Include="Includes\ImGui\imgui_internal.h">
      <Filter>Header Files</Filter>
    </ClInclude>
    <ClInclude Include="Includes\ImGui\imconfig.h">
      <Filter>Header Files</Filter>
    </ClInclude>
    <ClInclude Include="Includes\ImGui\imgui.h">
      <Filter>Header Files</Filter>
    </ClInclude>
    <ClInclude Include="Includes\ImGui\imgui_impl_dx11.h">
      <Filter>Header Files</Filter>
    </ClInclude>
    <ClInclude Include="Src\Utilities\dxerr.h">
      <Filter>Header Files</Filter>
    </ClInclude>
    <ClInclude Include="Src\Systems\Window\WindowSystem.h">
      <Filter>Header Files</Filter>
    </ClInclude>
    <ClInclude Include="Src\Systems\Graphics\GraphicsSystem.h">
      <Filter>Header Files</Filter>
    </ClInclude>
    <ClInclude Include="Src\Systems\Input\InputSystem.h">
      <Filter>Header Files</Filter>
    </ClInclude>
    <ClInclude Include="Src\Systems\Input\Keyboard.h">
      <Filter>Header Files</Filter>
    </ClInclude>
    <ClInclude Include="Src\Systems\Input\Mouse.h">
      <Filter>Header Files</Filter>
    </ClInclude>
    <ClInclude Include="Src\Systems\Graphics\DX11Renderer\DX11Renderer.h">
      <Filter>Header Files</Filter>
    </ClInclude>
    <ClInclude Include="Src\Systems\Graphics\DX11Renderer\DX11RendererData.h">
      <Filter>Header Files</Filter>
    </ClInclude>
    <ClInclude Include="Src\Systems\Graphics\DX11RenderStages\IRenderStage.h">
      <Filter>Header Files</Filter>
    </ClInclude>
    <ClInclude Include="Src\Systems\Graphics\DX11RenderStages\ForwardRenderStage\ForwardRenderStage.h">
      <Filter>Header Files</Filter>
    </ClInclude>
    <ClInclude Include="Src\Systems\Graphics\GraphicsUtilities\GraphicsTypes.h">
      <Filter>Header Files</Filter>
    </ClInclude>
    <ClInclude Include="Src\Systems\Graphics\GraphicsUtilities\VertexTypes.h">
      <Filter>Header Files</Filter>
    </ClInclude>
    <ClInclude Include="Src\Systems\Graphics\BufferClasses\ConstantBuffers.h">
      <Filter>Header Files</Filter>
    </ClInclude>
    <ClInclude Include="Src\Systems\Graphics\GraphicsUtilities\ObjectHandle.h">
      <Filter>Header Files</Filter>
    </ClInclude>
    <ClInclude Include="Src\Systems\Graphics\GraphicsUtilities\InputData.h">
      <Filter>Header Files</Filter>
    </ClInclude>
    <ClInclude Include="Src\Systems\Graphics\CameraClasses\Camera.h">
      <Filter>Header Files</Filter>
    </ClInclude>
    <ClInclude Include="Src\Systems\Graphics\CameraClasses\CameraManager.h">
      <Filter>Header Files</Filter>
    </ClInclude>
    <ClInclude Include="Src\Systems\Graphics\CameraClasses\Viewport.h">
      <Filter>Header Files</Filter>
    </ClInclude>
    <ClInclude Include="Src\Systems\Graphics\ModelClasses\Model\Model.h">
      <Filter>Header Files</Filter>
    </ClInclude>
    <ClInclude Include="Src\Systems\Graphics\ModelClasses\ModelManager\ModelManager.h">
      <Filter>Header Files</Filter>
    </ClInclude>
    <ClInclude Include="Src\Systems\Graphics\ModelClasses\PrimitiveGenerator\PrimitiveGenerator.h">
      <Filter>Header Files</Filter>
    </ClInclude>
    <ClInclude Include="Src\Systems\Core\Components\IComponent.h">
      <Filter>Header Files</Filter>
    </ClInclude>
    <ClInclude Include="Src\Systems\Core\Components\Transform\Transform.h">
      <Filter>Header Files</Filter>
    </ClInclude>
    <ClInclude Include="Src\Systems\Core\GameObject\GameObject.h">
      <Filter>Header Files</Filter>
    </ClInclude>
    <ClInclude Include="Src\Systems\Graphics\Components\ModelComponent\ModelComponent.h">
      <Filter>Header Files</Filter>
    </ClInclude>
    <ClInclude Include="Src\Systems\Graphics\DX11RenderStages\UI Stage\ImGuiStage.h">
      <Filter>Header Files</Filter>
    </ClInclude>
    <ClInclude Include="Src\Systems\Graphics\TextureClasses\TextureManager\TextureManager.h">
      <Filter>Header Files</Filter>
    </ClInclude>
    <ClInclude Include="Src\Systems\Graphics\GraphicsUtilities\D3DObjects.h">
      <Filter>Header Files</Filter>
    </ClInclude>
    <ClInclude Include="Src\Systems\Graphics\Components\PathComponent\PathComponent.h">
      <Filter>Header Files</Filter>
    </ClInclude>
    <ClInclude Include="Src\Systems\Graphics\DX11RenderStages\ForwardDebugStage\PathWalkDebugStage.h">
      <Filter>Header Files</Filter>
    </ClInclude>
    <ClInclude Include="Src\Systems\Graphics\Components\CurvePathComponent\CurvePathComponent.h">
      <Filter>Header Files</Filter>
    </ClInclude>
    <ClInclude Include="Src\Systems\Graphics\Components\SimpleCCD\SuperSimpleCCD.h">
      <Filter>Header Files</Filter>
    </ClInclude>
    <ClInclude Include="Src\Systems\Graphics\Components\SimpleCloth\Particle.h">
      <Filter>Header Files</Filter>
    </ClInclude>
    <ClInclude Include="Src\Systems\Graphics\Components\SimpleCloth\Constraint.h">
      <Filter>Header Files</Filter>
    </ClInclude>
    <ClInclude Include="Src\Systems\Graphics\Components\SimpleCloth\SimpleClothComponent.h">
      <Filter>Header Files</Filter>
    </ClInclude>
    <ClInclude Include="Src\Engine\GameClock\GameClock.h">
      <Filter>Header Files</Filter>
    </ClInclude>
    <ClInclude Include="Src\Engine\IApplication\IApplication.h">
      <Filter>Header Files</Filter>
    </ClInclude>
    <ClInclude Include="Src\Systems\Core\Layer\Layer.h">
      <Filter>Header Files</Filter>
    </ClInclude>
    <ClInclude Include="Src\Systems\Core\IScene\Scene.h">
      <Filter>Header Files</Filter>
    </ClInclude>
    <ClInclude Include="Src\Engine\Applications\TestApp\TestApp.h">
      <Filter>Header Files</Filter>
    </ClInclude>
    <ClInclude Include="Src\Systems\Graphics\DX11RenderStages\ShadowMapStage\ShadowMapStage.h">
      <Filter>Header Files</Filter>
    </ClInclude>
    <ClInclude Include="Src\Systems\Graphics\DX11RenderStages\IconDebugStage\IconDebugStage.h">
      <Filter>Header Files</Filter>
    </ClInclude>
    <ClInclude Include="Src\Systems\Graphics\Components\LightComponents\Light.h">
      <Filter>Header Files</Filter>
    </ClInclude>
    <ClInclude Include="Src\Systems\Graphics\Components\LightComponents\ShadowLightComponent\ShadowLightComponent.h">
      <Filter>Header Files</Filter>
    </ClInclude>
    <ClInclude Include="Src\Systems\Graphics\Components\LightComponents\LightComponent\LightComponent.h">
      <Filter>Header Files</Filter>
    </ClInclude>
    <ClInclude Include="Src\Systems\ISystem.h">
      <Filter>Header Files</Filter>
    </ClInclude>
    <ClInclude Include="Src\Systems\Core\GameObjectSystem.h">
      <Filter>Header Files</Filter>
    </ClInclude>
    <ClInclude Include="Src\Systems\Graphics\ModelClasses\MeshMaterial\MeshEntryMaterial.h">
      <Filter>Header Files</Filter>
    </ClInclude>
    <ClInclude Include="Src\Systems\Graphics\DX11RenderStages\DeferredRenderingStages\GBufferStage.h">
      <Filter>Header Files</Filter>
    </ClInclude>
    <ClInclude Include="Src\Systems\Graphics\DX11RenderStages\DeferredRenderingStages\AmbientLightStage.h">
      <Filter>Header Files</Filter>
    </ClInclude>
  </ItemGroup>
</Project>